<?xml version="1.0" encoding="utf-8"?>
<Project ToolsVersion="4.0" xmlns="http://schemas.microsoft.com/developer/msbuild/2003">
  <ItemGroup>
    <ClCompile Include="Aircraft.cpp" />
    <ClCompile Include="iAllocators.cpp" />
    <ClCompile Include="iReaders.cpp" />
    <ClCompile Include="iRendered.cpp" />
    <ClCompile Include="iWinSDL.cpp" />
    <ClCompile Include="Source.cpp" />
  </ItemGroup>
  <ItemGroup>
    <ClInclude Include="Aircraft.h" />
    <ClInclude Include="AManager.h" />
    <ClInclude Include="iAllocators.h" />
    <ClInclude Include="iReaders.h" />
    <ClInclude Include="iRendered.h" />
    <ClInclude Include="iWinSDL.h" />
    <ClInclude Include="Models.h" />
  </ItemGroup>
  <ItemGroup>
    <Image Include="point.png" />
  </ItemGroup>
</Project>